
Microsoft Visual Studio Solution File, Format Version 12.00
# Visual Studio Version 17
VisualStudioVersion = 17.2.32526.322
MinimumVisualStudioVersion = 10.0.40219.1
Project("{FAE04EC0-301F-11D3-BF4B-00C04F79EFBC}") = "FontAdd", "FontAdd\FontAdd.csproj", "{FACC2FCB-7413-440D-9ADB-CA7A2BC5608F}"
EndProject
Global
	GlobalSection(SolutionConfigurationPlatforms) = preSolution
		Debug|Any CPU = Debug|Any CPU
		Release|Any CPU = Release|Any CPU
	EndGlobalSection
	GlobalSection(ProjectConfigurationPlatforms) = postSolution
		{FACC2FCB-7413-440D-9ADB-CA7A2BC5608F}.Debug|Any CPU.ActiveCfg = Debug|Any CPU
		{FACC2FCB-7413-440D-9ADB-CA7A2BC5608F}.Debug|Any CPU.Build.0 = Debug|Any CPU
		{FACC2FCB-7413-440D-9ADB-CA7A2BC5608F}.Release|Any CPU.ActiveCfg = Release|Any CPU
		{FACC2FCB-7413-440D-9ADB-CA7A2BC5608F}.Release|Any CPU.Build.0 = Release|Any CPU
	EndGlobalSection
	GlobalSection(SolutionProperties) = preSolution
		HideSolutionNode = FALSE
	EndGlobalSection
	GlobalSection(ExtensibilityGlobals) = postSolution
		SolutionGuid = {1289FD3C-D9F8-4CFC-A75E-2693A1ABAB1B}
	EndGlobalSection
EndGlobal
